github.com/dlclark/regexp2 v1.11.0 h1:G/nrcoOa7ZXlpoa/91N3X7mM3r8eIlMBBJZvsz/mxKI=
github.com/dlclark/regexp2 v1.11.0/go.mod h1:DHkYz0B9wPfa6wondMfaivmHpzrQ3v9q8cnmRbL6yW8=
github.com/godbus/dbus/v5 v5.2.2 h1:TUR3TgtSVDmjiXOgAAyaZbYmIeP3DPkld3jgKGV8mXQ=
github.com/godbus/dbus/v5 v5.2.2/go.mod h1:3AAv2+hPq5rdnr5txxxRwiGjPXamgoIHgz9FPBfOp3c=
github.com/oklog/ulid/v2 v2.1.2 h1:IEclFb9JNvzYA6MW2SCxbLzcHTVsfqm3PrqGQJH5zec=
github.com/oklog/ulid/v2 v2.1.2/go.mod h1:rcEKHmBBKfef9DhnvX7y1HZBYxjXb0cP5ExxNsTT1QQ=
github.com/pborman/getopt v0.0.0-20170112200414-7148bc3a4c30/go.mod h1:85jBQOZwpVEaDAr341tbn15RS4fCAsIst0qp7i8ex1o=
github.com/santhosh-tekuri/jsonschema/v6 v6.0.3 h1:1EYB5IzjZawrrnELUi78f9fPu57HuXjmddZPjrls/28=
github.com/santhosh-tekuri/jsonschema/v6 v6.0.3/go.mod h1:JXeL+ps8p7/KNMjDQk3TCwPpBy0wYklyWTfbkIzdIFU=
github.com/xyfu/xnux-shared v0.0.0-20260926183731-1e1cefdf5a55 h1:L0cXXLyPghKOjZufkju/dwVUnvxwJNWrP8tZFk4icVE=
github.com/xyfu/xnux-shared v0.0.0-20260926183731-1e1cefdf5a55/go.mod h1:gqERfnHIFAS0pOLnEJPOeGdjfKlVk2h6I/ASbfp+DNo=
github.com/xyfu/xnux-shared v0.0.0-20260926185448-e1ed87d95b96 h1:X4+QzCyp98W0uOoerGyRgLi2yCf1CGq3iV9UIck2O0M=
github.com/xyfu/xnux-shared v0.0.0-20260926185448-e1ed87d95b96/go.mod h1:gqERfnHIFAS0pOLnEJPOeGdjfKlVk2h6I/ASbfp+DNo=
github.com/xyfu/xnux-shared v0.0.0-20260927020110-a592688764eb h1:APSoMzCQKztjGVQPDxAt1fjf0L7M/Tk0cH2Mc7O79pk=
github.com/xyfu/xnux-shared v0.0.0-20260927020110-a592688764eb/go.mod h1:gqERfnHIFAS0pOLnEJPOeGdjfKlVk2h6I/ASbfp+DNo=
github.com/xyfu/xnux-shared v0.0.0-20260928025015-f850796360f9 h1:7EthJye2h0MwnjwR8/Gc+92P4rnC+VaRFEYh7AWE6ok=
github.com/xyfu/xnux-shared v0.0.0-20260928025015-f850796360f9/go.mod h1:gqERfnHIFAS0pOLnEJPOeGdjfKlVk2h6I/ASbfp+DNo=
github.com/xyfu/xnux-shared v0.0.0-20260928140539-9a9858a7bc13 h1:rlr3chdzTgtZhjL4Qbg5Q78/o3apnqOxEn9+tebt5BI=
github.com/xyfu/xnux-shared v0.0.0-20260928140539-9a9858a7bc13/go.mod h1:gqERfnHIFAS0pOLnEJPOeGdjfKlVk2h6I/ASbfp+DNo=
github.com/xyfu/xnux-shared v0.0.0-20260928144730-130a46cbaba1 h1:1c9v7/t3cTdK9teZ02J6ZSeND4JixTfwvFOtDk515k8=
github.com/xyfu/xnux-shared v0.0.0-20260928144730-130a46cbaba1/go.mod h1:gqERfnHIFAS0pOLnEJPOeGdjfKlVk2h6I/ASbfp+DNo=
github.com/xyfu/xnux-shared v0.0.0-20260928163746-6e4869c82f3b h1:uk5T2HTJhx2F6pWabyUZdcVq+Df4sfvBLLuDwLD6qsQ=
github.com/xyfu/xnux-shared v0.0.0-20260928163746-6e4869c82f3b/go.mod h1:gqERfnHIFAS0pOLnEJPOeGdjfKlVk2h6I/ASbfp+DNo=
github.com/xyfu/xnux-shared v0.0.0-20261002074247-4b48492d72fb h1:CeedVykNMpxr51zg78sNy67WTiGVlc7zw2S9e71WUV8=
github.com/xyfu/xnux-shared v0.0.0-20261002074247-4b48492d72fb/go.mod h1:gqERfnHIFAS0pOLnEJPOeGdjfKlVk2h6I/ASbfp+DNo=
github.com/xyfu/xnux-shared v0.0.0-20261002074714-323940fe4a4a h1:m0bRDeS2BK7aE6n3+vHqIYZroVBggeibwCvV3cF3iZ4=
github.com/xyfu/xnux-shared v0.0.0-20261002074714-323940fe4a4a/go.mod h1:gqERfnHIFAS0pOLnEJPOeGdjfKlVk2h6I/ASbfp+DNo=
github.com/xyfu/xnux-shared v0.0.0-20261002134904-50c2c195d66a h1:lbgfPGdKj/vLRnkGgGxlzjsFBdzkp/BNL9OOuFuWepg=
github.com/xyfu/xnux-shared v0.0.0-20261002134904-50c2c195d66a/go.mod h1:gqERfnHIFAS0pOLnEJPOeGdjfKlVk2h6I/ASbfp+DNo=
github.com/xyfu/xnux-shared v0.0.0-20261002174400-c7313e6bbdc0 h1:fMz9tRhXneD8pq0jUUzUJPprdkuy9nqm3aGN+52PQTo=
github.com/xyfu/xnux-shared v0.0.0-20261002174400-c7313e6bbdc0/go.mod h1:gqERfnHIFAS0pOLnEJPOeGdjfKlVk2h6I/ASbfp+DNo=
github.com/xyfu/xnux-shared v0.0.0-20261002181819-7aaa65cc6bfe h1:EGXhgHXGpvTos8SacEydvtkBmpLDC1cmScwxvTpN0UA=
github.com/xyfu/xnux-shared v0.0.0-20261002181819-7aaa65cc6bfe/go.mod h1:gqERfnHIFAS0pOLnEJPOeGdjfKlVk2h6I/ASbfp+DNo=
go.yaml.in/yaml/v3 v3.0.5 h1:N6y/pJk8buWs9NY5ERU2HSMfm+IuD/OtfdAnq6kESPw=
go.yaml.in/yaml/v3 v3.0.5/go.mod h1:HVTZu1O7/Vkt2N+BFy8Zza+lnLsABggaTM2ZpNIGuKg=
golang.org/x/sys v0.48.0 h1:bbX/i/6MgT9BVLM9RT1thmxL04yeTAhbEz4SyadbXoo=
golang.org/x/sys v0.48.0/go.mod h1:hNLxWAXmnKAxqDtdwIYC4bM9oQPEecfsnNMuSxOs3og=
golang.org/x/text v0.42.0 h1:JbOZXgfeCPU9gacVtYliJqOhD+zhrEqK4LfdpmlUZqI=
golang.org/x/text v0.42.0/go.mod h1:ojzP1Z+2QtioaF8DTtO8K5q7JWVVYwZKenzujK0Zd0E=
